# THIS IS AN AUTOGENERATED FILE. DO NOT EDIT THIS FILE DIRECTLY.
# yarn lockfile v1


irene-awesome-greeter@^1.0.1:
  version "1.0.1"
  resolved "https://registry.npmjs.org/irene-awesome-greeter/-/irene-awesome-greeter-1.0.1.tgz#ab8f1bdb955f6ecffe06e5bc391118709b3bd5ed"
  integrity sha512-uKPgSmzj7wPKQGoQO91pcetAQT8ZQgp6AeJuOhJqdbWX6S1j/JYrUFHSJyOtpAH3SCNVV+B5yNwXbWI1iXNdRw==

mio-common-js@^1.0.0:
  version "1.0.0"
  resolved "https://registry.npmjs.org/mio-common-js/-/mio-common-js-1.0.0.tgz#64361e6f9532a8a0bb9c54aeaed7f6bff6465248"
  integrity sha512-LwZLrwrgyVbFs4qTIh2Ap0PVa6JcDd8hWbAdizPjG8WfcYwdf8aMKV9OL1VxWeAA0Ry0hz0WUGqIF1tFbAkO8Q==
